
Microsoft Visual Studio Solution File, Format Version 12.00
# Visual Studio Version 16
VisualStudioVersion = 16.0.30413.136
MinimumVisualStudioVersion = 10.0.40219.1
Project("{FAE04EC0-301F-11D3-BF4B-00C04F79EFBC}") = "Hello, (name)", "Hello, (name)\Hello, (name).csproj", "{C9123F4F-49F0-4908-86B1-78E47C8AD370}"
EndProject
Global
	GlobalSection(SolutionConfigurationPlatforms) = preSolution
		Debug|Any CPU = Debug|Any CPU
		Release|Any CPU = Release|Any CPU
	EndGlobalSection
	GlobalSection(ProjectConfigurationPlatforms) = postSolution
		{C9123F4F-49F0-4908-86B1-78E47C8AD370}.Debug|Any CPU.ActiveCfg = Debug|Any CPU
		{C9123F4F-49F0-4908-86B1-78E47C8AD370}.Debug|Any CPU.Build.0 = Debug|Any CPU
		{C9123F4F-49F0-4908-86B1-78E47C8AD370}.Release|Any CPU.ActiveCfg = Release|Any CPU
		{C9123F4F-49F0-4908-86B1-78E47C8AD370}.Release|Any CPU.Build.0 = Release|Any CPU
	EndGlobalSection
	GlobalSection(SolutionProperties) = preSolution
		HideSolutionNode = FALSE
	EndGlobalSection
	GlobalSection(ExtensibilityGlobals) = postSolution
		SolutionGuid = {B4DE0B10-1AE3-4689-9A9E-F1DF45CB66FF}
	EndGlobalSection
EndGlobal
