
Microsoft Visual Studio Solution File, Format Version 12.00
# Visual Studio Version 16
VisualStudioVersion = 16.0.30621.155
MinimumVisualStudioVersion = 10.0.40219.1
Project("{9A19103F-16F7-4668-BE54-9A1E7A4F7556}") = "ShapeClass", "ShapeClass\ShapeClass.csproj", "{423FF5ED-84BD-48C5-847C-32FD955EAF95}"
EndProject
Global
	GlobalSection(SolutionConfigurationPlatforms) = preSolution
		Debug|Any CPU = Debug|Any CPU
		Release|Any CPU = Release|Any CPU
	EndGlobalSection
	GlobalSection(ProjectConfigurationPlatforms) = postSolution
		{423FF5ED-84BD-48C5-847C-32FD955EAF95}.Debug|Any CPU.ActiveCfg = Debug|Any CPU
		{423FF5ED-84BD-48C5-847C-32FD955EAF95}.Debug|Any CPU.Build.0 = Debug|Any CPU
		{423FF5ED-84BD-48C5-847C-32FD955EAF95}.Release|Any CPU.ActiveCfg = Release|Any CPU
		{423FF5ED-84BD-48C5-847C-32FD955EAF95}.Release|Any CPU.Build.0 = Release|Any CPU
	EndGlobalSection
	GlobalSection(SolutionProperties) = preSolution
		HideSolutionNode = FALSE
	EndGlobalSection
	GlobalSection(ExtensibilityGlobals) = postSolution
		SolutionGuid = {939C4494-5579-49FC-80B8-7E0DE3B81117}
	EndGlobalSection
EndGlobal
