
Microsoft Visual Studio Solution File, Format Version 12.00
# Visual Studio Version 16
VisualStudioVersion = 16.0.30413.136
MinimumVisualStudioVersion = 10.0.40219.1
Project("{FAE04EC0-301F-11D3-BF4B-00C04F79EFBC}") = "Name of the last digit", "Name of the last digit.csproj", "{61ADFB1D-8575-473E-8E90-E04BEBB82448}"
EndProject
Global
	GlobalSection(SolutionConfigurationPlatforms) = preSolution
		Debug|Any CPU = Debug|Any CPU
		Release|Any CPU = Release|Any CPU
	EndGlobalSection
	GlobalSection(ProjectConfigurationPlatforms) = postSolution
		{61ADFB1D-8575-473E-8E90-E04BEBB82448}.Debug|Any CPU.ActiveCfg = Debug|Any CPU
		{61ADFB1D-8575-473E-8E90-E04BEBB82448}.Debug|Any CPU.Build.0 = Debug|Any CPU
		{61ADFB1D-8575-473E-8E90-E04BEBB82448}.Release|Any CPU.ActiveCfg = Release|Any CPU
		{61ADFB1D-8575-473E-8E90-E04BEBB82448}.Release|Any CPU.Build.0 = Release|Any CPU
	EndGlobalSection
	GlobalSection(SolutionProperties) = preSolution
		HideSolutionNode = FALSE
	EndGlobalSection
	GlobalSection(ExtensibilityGlobals) = postSolution
		SolutionGuid = {FDB30DAB-3ACC-4823-A647-11D4B9659C03}
	EndGlobalSection
EndGlobal
